// !$*UTF8*$!
{
	archiveVersion = 1;
	classes = {
	};
	objectVersion = 50;
	objects = {

/* Begin PBXBuildFile section */
		5308E73422868E8500DB470F /* main.cpp in Sources */ = {isa = PBXBuildFile; fileRef = 5308E73322868E8500DB470F /* main.cpp */; };
		5308E73C22868ECD00DB470F /* BiTNode.cpp in Sources */ = {isa = PBXBuildFile; fileRef = 5308E73A22868ECD00DB470F /* BiTNode.cpp */; };
		5308E74022868F2400DB470F /* BiTreeStack.cpp in Sources */ = {isa = PBXBuildFile; fileRef = 5308E73E22868F2400DB470F /* BiTreeStack.cpp */; };
		5308E74422871DE000DB470F /* Graph.cpp in Sources */ = {isa = PBXBuildFile; fileRef = 5308E74222871DE000DB470F /* Graph.cpp */; };
		53C73BF822B4CC5D00C69CB2 /* Queue.cpp in Sources */ = {isa = PBXBuildFile; fileRef = 53C73BF622B4CC5D00C69CB2 /* Queue.cpp */; };
		53EA928E22AEAFEC00EFC408 /* SqList.cpp in Sources */ = {isa = PBXBuildFile; fileRef = 53EA928D22AEAFEC00EFC408 /* SqList.cpp */; };
		53F186AA2287AD080089829D /* LinkList.cpp in Sources */ = {isa = PBXBuildFile; fileRef = 53F186A82287AD080089829D /* LinkList.cpp */; };
/* End PBXBuildFile section */

/* Begin PBXCopyFilesBuildPhase section */
		5308E72E22868E8500DB470F /* CopyFiles */ = {
			isa = PBXCopyFilesBuildPhase;
			buildActionMask = 2147483647;
			dstPath = /usr/share/man/man1/;
			dstSubfolderSpec = 0;
			files = (
			);
			runOnlyForDeploymentPostprocessing = 1;
		};
/* End PBXCopyFilesBuildPhase section */

/* Begin PBXFileReference section */
		5308E73022868E8500DB470F /* Data Structure C++ */ = {isa = PBXFileReference; explicitFileType = "compiled.mach-o.executable"; includeInIndex = 0; path = "Data Structure C++"; sourceTree = BUILT_PRODUCTS_DIR; };
		5308E73322868E8500DB470F /* main.cpp */ = {isa = PBXFileReference; lastKnownFileType = sourcecode.cpp.cpp; path = main.cpp; sourceTree = "<group>"; };
		5308E73A22868ECD00DB470F /* BiTNode.cpp */ = {isa = PBXFileReference; lastKnownFileType = sourcecode.cpp.cpp; path = BiTNode.cpp; sourceTree = "<group>"; };
		5308E73B22868ECD00DB470F /* BiTNode.hpp */ = {isa = PBXFileReference; lastKnownFileType = sourcecode.cpp.h; path = BiTNode.hpp; sourceTree = "<group>"; };
		5308E73D22868F1200DB470F /* Macro.h */ = {isa = PBXFileReference; lastKnownFileType = sourcecode.c.h; path = Macro.h; sourceTree = "<group>"; };
		5308E73E22868F2400DB470F /* BiTreeStack.cpp */ = {isa = PBXFileReference; lastKnownFileType = sourcecode.cpp.cpp; path = BiTreeStack.cpp; sourceTree = "<group>"; };
		5308E73F22868F2400DB470F /* BiTreeStack.hpp */ = {isa = PBXFileReference; lastKnownFileType = sourcecode.cpp.h; path = BiTreeStack.hpp; sourceTree = "<group>"; };
		5308E74222871DE000DB470F /* Graph.cpp */ = {isa = PBXFileReference; lastKnownFileType = sourcecode.cpp.cpp; path = Graph.cpp; sourceTree = "<group>"; };
		5308E74322871DE000DB470F /* Graph.hpp */ = {isa = PBXFileReference; lastKnownFileType = sourcecode.cpp.h; path = Graph.hpp; sourceTree = "<group>"; };
		53C73BF622B4CC5D00C69CB2 /* Queue.cpp */ = {isa = PBXFileReference; lastKnownFileType = sourcecode.cpp.cpp; path = Queue.cpp; sourceTree = "<group>"; };
		53C73BF722B4CC5D00C69CB2 /* Queue.hpp */ = {isa = PBXFileReference; lastKnownFileType = sourcecode.cpp.h; path = Queue.hpp; sourceTree = "<group>"; };
		53C73BF922B4CF8000C69CB2 /* CommonHeader.hpp */ = {isa = PBXFileReference; lastKnownFileType = sourcecode.cpp.h; path = CommonHeader.hpp; sourceTree = "<group>"; };
		53EA928C22AEAFEC00EFC408 /* SqList.hpp */ = {isa = PBXFileReference; lastKnownFileType = sourcecode.cpp.h; path = SqList.hpp; sourceTree = "<group>"; };
		53EA928D22AEAFEC00EFC408 /* SqList.cpp */ = {isa = PBXFileReference; lastKnownFileType = sourcecode.cpp.cpp; path = SqList.cpp; sourceTree = "<group>"; };
		53F186A82287AD080089829D /* LinkList.cpp */ = {isa = PBXFileReference; lastKnownFileType = sourcecode.cpp.cpp; path = LinkList.cpp; sourceTree = "<group>"; };
		53F186A92287AD080089829D /* LinkList.hpp */ = {isa = PBXFileReference; lastKnownFileType = sourcecode.cpp.h; path = LinkList.hpp; sourceTree = "<group>"; };
/* End PBXFileReference section */

/* Begin PBXFrameworksBuildPhase section */
		5308E72D22868E8500DB470F /* Frameworks */ = {
			isa = PBXFrameworksBuildPhase;
			buildActionMask = 2147483647;
			files = (
			);
			runOnlyForDeploymentPostprocessing = 0;
		};
/* End PBXFrameworksBuildPhase section */

/* Begin PBXGroup section */
		5308E72722868E8500DB470F = {
			isa = PBXGroup;
			children = (
				5308E73222868E8500DB470F /* Data Structure C++ */,
				5308E73122868E8500DB470F /* Products */,
			);
			sourceTree = "<group>";
		};
		5308E73122868E8500DB470F /* Products */ = {
			isa = PBXGroup;
			children = (
				5308E73022868E8500DB470F /* Data Structure C++ */,
			);
			name = Products;
			sourceTree = "<group>";
		};
		5308E73222868E8500DB470F /* Data Structure C++ */ = {
			isa = PBXGroup;
			children = (
				5308E74122871D3E00DB470F /* Stack */,
				5308E73322868E8500DB470F /* main.cpp */,
				5308E73A22868ECD00DB470F /* BiTNode.cpp */,
				5308E73B22868ECD00DB470F /* BiTNode.hpp */,
				5308E73D22868F1200DB470F /* Macro.h */,
				5308E74222871DE000DB470F /* Graph.cpp */,
				5308E74322871DE000DB470F /* Graph.hpp */,
				53F186A82287AD080089829D /* LinkList.cpp */,
				53F186A92287AD080089829D /* LinkList.hpp */,
				53EA928C22AEAFEC00EFC408 /* SqList.hpp */,
				53EA928D22AEAFEC00EFC408 /* SqList.cpp */,
				53C73BF622B4CC5D00C69CB2 /* Queue.cpp */,
				53C73BF722B4CC5D00C69CB2 /* Queue.hpp */,
				53C73BF922B4CF8000C69CB2 /* CommonHeader.hpp */,
			);
			path = "Data Structure C++";
			sourceTree = "<group>";
		};
		5308E74122871D3E00DB470F /* Stack */ = {
			isa = PBXGroup;
			children = (
				5308E73E22868F2400DB470F /* BiTreeStack.cpp */,
				5308E73F22868F2400DB470F /* BiTreeStack.hpp */,
			);
			path = Stack;
			sourceTree = "<group>";
		};
/* End PBXGroup section */

/* Begin PBXNativeTarget section */
		5308E72F22868E8500DB470F /* Data Structure C++ */ = {
			isa = PBXNativeTarget;
			buildConfigurationList = 5308E73722868E8500DB470F /* Build configuration list for PBXNativeTarget "Data Structure C++" */;
			buildPhases = (
				5308E72C22868E8500DB470F /* Sources */,
				5308E72D22868E8500DB470F /* Frameworks */,
				5308E72E22868E8500DB470F /* CopyFiles */,
			);
			buildRules = (
			);
			dependencies = (
			);
			name = "Data Structure C++";
			productName = "Data Structure C++";
			productReference = 5308E73022868E8500DB470F /* Data Structure C++ */;
			productType = "com.apple.product-type.tool";
		};
/* End PBXNativeTarget section */

/* Begin PBXProject section */
		5308E72822868E8500DB470F /* Project object */ = {
			isa = PBXProject;
			attributes = {
				LastUpgradeCheck = 1020;
				ORGANIZATIONNAME = "陈浩宇";
				TargetAttributes = {
					5308E72F22868E8500DB470F = {
						CreatedOnToolsVersion = 10.2.1;
					};
				};
			};
			buildConfigurationList = 5308E72B22868E8500DB470F /* Build configuration list for PBXProject "Data Structure C++" */;
			compatibilityVersion = "Xcode 9.3";
			developmentRegion = en;
			hasScannedForEncodings = 0;
			knownRegions = (
				en,
			);
			mainGroup = 5308E72722868E8500DB470F;
			productRefGroup = 5308E73122868E8500DB470F /* Products */;
			projectDirPath = "";
			projectRoot = "";
			targets = (
				5308E72F22868E8500DB470F /* Data Structure C++ */,
			);
		};
/* End PBXProject section */

/* Begin PBXSourcesBuildPhase section */
		5308E72C22868E8500DB470F /* Sources */ = {
			isa = PBXSourcesBuildPhase;
			buildActionMask = 2147483647;
			files = (
				53C73BF822B4CC5D00C69CB2 /* Queue.cpp in Sources */,
				5308E74422871DE000DB470F /* Graph.cpp in Sources */,
				5308E73422868E8500DB470F /* main.cpp in Sources */,
				5308E73C22868ECD00DB470F /* BiTNode.cpp in Sources */,
				5308E74022868F2400DB470F /* BiTreeStack.cpp in Sources */,
				53F186AA2287AD080089829D /* LinkList.cpp in Sources */,
				53EA928E22AEAFEC00EFC408 /* SqList.cpp in Sources */,
			);
			runOnlyForDeploymentPostprocessing = 0;
		};
/* End PBXSourcesBuildPhase section */

/* Begin XCBuildConfiguration section */
		5308E73522868E8500DB470F /* Debug */ = {
			isa = XCBuildConfiguration;
			buildSettings = {
				ALWAYS_SEARCH_USER_PATHS = NO;
				CLANG_ANALYZER_NONNULL = YES;
				CLANG_ANALYZER_NUMBER_OBJECT_CONVERSION = YES_AGGRESSIVE;
				CLANG_CXX_LANGUAGE_STANDARD = "gnu++14";
				CLANG_CXX_LIBRARY = "libc++";
				CLANG_ENABLE_MODULES = YES;
				CLANG_ENABLE_OBJC_ARC = YES;
				CLANG_ENABLE_OBJC_WEAK = YES;
				CLANG_WARN_BLOCK_CAPTURE_AUTORELEASING = YES;
				CLANG_WARN_BOOL_CONVERSION = YES;
				CLANG_WARN_COMMA = YES;
				CLANG_WARN_CONSTANT_CONVERSION = YES;
				CLANG_WARN_DEPRECATED_OBJC_IMPLEMENTATIONS = YES;
				CLANG_WARN_DIRECT_OBJC_ISA_USAGE = YES_ERROR;
				CLANG_WARN_DOCUMENTATION_COMMENTS = YES;
				CLANG_WARN_EMPTY_BODY = YES;
				CLANG_WARN_ENUM_CONVERSION = YES;
				CLANG_WARN_INFINITE_RECURSION = YES;
				CLANG_WARN_INT_CONVERSION = YES;
				CLANG_WARN_NON_LITERAL_NULL_CONVERSION = YES;
				CLANG_WARN_OBJC_IMPLICIT_RETAIN_SELF = YES;
				CLANG_WARN_OBJC_LITERAL_CONVERSION = YES;
				CLANG_WARN_OBJC_ROOT_CLASS = YES_ERROR;
				CLANG_WARN_RANGE_LOOP_ANALYSIS = YES;
				CLANG_WARN_STRICT_PROTOTYPES = YES;
				CLANG_WARN_SUSPICIOUS_MOVE = YES;
				CLANG_WARN_UNGUARDED_AVAILABILITY = YES_AGGRESSIVE;
				CLANG_WARN_UNREACHABLE_CODE = YES;
				CLANG_WARN__DUPLICATE_METHOD_MATCH = YES;
				CODE_SIGN_IDENTITY = "Mac Developer";
				COPY_PHASE_STRIP = NO;
				DEBUG_INFORMATION_FORMAT = dwarf;
				ENABLE_STRICT_OBJC_MSGSEND = YES;
				ENABLE_TESTABILITY = YES;
				GCC_C_LANGUAGE_STANDARD = gnu11;
				GCC_DYNAMIC_NO_PIC = NO;
				GCC_NO_COMMON_BLOCKS = YES;
				GCC_OPTIMIZATION_LEVEL = 0;
				GCC_PREPROCESSOR_DEFINITIONS = (
					"DEBUG=1",
					"$(inherited)",
				);
				GCC_WARN_64_TO_32_BIT_CONVERSION = YES;
				GCC_WARN_ABOUT_RETURN_TYPE = YES_ERROR;
				GCC_WARN_UNDECLARED_SELECTOR = YES;
				GCC_WARN_UNINITIALIZED_AUTOS = YES_AGGRESSIVE;
				GCC_WARN_UNUSED_FUNCTION = YES;
				GCC_WARN_UNUSED_VARIABLE = YES;
				MACOSX_DEPLOYMENT_TARGET = 10.14;
				MTL_ENABLE_DEBUG_INFO = INCLUDE_SOURCE;
				MTL_FAST_MATH = YES;
				ONLY_ACTIVE_ARCH = YES;
				SDKROOT = macosx;
			};
			name = Debug;
		};
		5308E73622868E8500DB470F /* Release */ = {
			isa = XCBuildConfiguration;
			buildSettings = {
				ALWAYS_SEARCH_USER_PATHS = NO;
				CLANG_ANALYZER_NONNULL = YES;
				CLANG_ANALYZER_NUMBER_OBJECT_CONVERSION = YES_AGGRESSIVE;
				CLANG_CXX_LANGUAGE_STANDARD = "gnu++14";
				CLANG_CXX_LIBRARY = "libc++";
				CLANG_ENABLE_MODULES = YES;
				CLANG_ENABLE_OBJC_ARC = YES;
				CLANG_ENABLE_OBJC_WEAK = YES;
				CLANG_WARN_BLOCK_CAPTURE_AUTORELEASING = YES;
				CLANG_WARN_BOOL_CONVERSION = YES;
				CLANG_WARN_COMMA = YES;
				CLANG_WARN_CONSTANT_CONVERSION = YES;
				CLANG_WARN_DEPRECATED_OBJC_IMPLEMENTATIONS = YES;
				CLANG_WARN_DIRECT_OBJC_ISA_USAGE = YES_ERROR;
				CLANG_WARN_DOCUMENTATION_COMMENTS = YES;
				CLANG_WARN_EMPTY_BODY = YES;
				CLANG_WARN_ENUM_CONVERSION = YES;
				CLANG_WARN_INFINITE_RECURSION = YES;
				CLANG_WARN_INT_CONVERSION = YES;
				CLANG_WARN_NON_LITERAL_NULL_CONVERSION = YES;
				CLANG_WARN_OBJC_IMPLICIT_RETAIN_SELF = YES;
				CLANG_WARN_OBJC_LITERAL_CONVERSION = YES;
				CLANG_WARN_OBJC_ROOT_CLASS = YES_ERROR;
				CLANG_WARN_RANGE_LOOP_ANALYSIS = YES;
				CLANG_WARN_STRICT_PROTOTYPES = YES;
				CLANG_WARN_SUSPICIOUS_MOVE = YES;
				CLANG_WARN_UNGUARDED_AVAILABILITY = YES_AGGRESSIVE;
				CLANG_WARN_UNREACHABLE_CODE = YES;
				CLANG_WARN__DUPLICATE_METHOD_MATCH = YES;
				CODE_SIGN_IDENTITY = "Mac Developer";
				COPY_PHASE_STRIP = NO;
				DEBUG_INFORMATION_FORMAT = "dwarf-with-dsym";
				ENABLE_NS_ASSERTIONS = NO;
				ENABLE_STRICT_OBJC_MSGSEND = YES;
				GCC_C_LANGUAGE_STANDARD = gnu11;
				GCC_NO_COMMON_BLOCKS = YES;
				GCC_WARN_64_TO_32_BIT_CONVERSION = YES;
				GCC_WARN_ABOUT_RETURN_TYPE = YES_ERROR;
				GCC_WARN_UNDECLARED_SELECTOR = YES;
				GCC_WARN_UNINITIALIZED_AUTOS = YES_AGGRESSIVE;
				GCC_WARN_UNUSED_FUNCTION = YES;
				GCC_WARN_UNUSED_VARIABLE = YES;
				MACOSX_DEPLOYMENT_TARGET = 10.14;
				MTL_ENABLE_DEBUG_INFO = NO;
				MTL_FAST_MATH = YES;
				SDKROOT = macosx;
			};
			name = Release;
		};
		5308E73822868E8500DB470F /* Debug */ = {
			isa = XCBuildConfiguration;
			buildSettings = {
				CODE_SIGN_STYLE = Automatic;
				DEVELOPMENT_TEAM = TK8R76244T;
				PRODUCT_NAME = "$(TARGET_NAME)";
			};
			name = Debug;
		};
		5308E73922868E8500DB470F /* Release */ = {
			isa = XCBuildConfiguration;
			buildSettings = {
				CODE_SIGN_STYLE = Automatic;
				DEVELOPMENT_TEAM = TK8R76244T;
				PRODUCT_NAME = "$(TARGET_NAME)";
			};
			name = Release;
		};
/* End XCBuildConfiguration section */

/* Begin XCConfigurationList section */
		5308E72B22868E8500DB470F /* Build configuration list for PBXProject "Data Structure C++" */ = {
			isa = XCConfigurationList;
			buildConfigurations = (
				5308E73522868E8500DB470F /* Debug */,
				5308E73622868E8500DB470F /* Release */,
			);
			defaultConfigurationIsVisible = 0;
			defaultConfigurationName = Release;
		};
		5308E73722868E8500DB470F /* Build configuration list for PBXNativeTarget "Data Structure C++" */ = {
			isa = XCConfigurationList;
			buildConfigurations = (
				5308E73822868E8500DB470F /* Debug */,
				5308E73922868E8500DB470F /* Release */,
			);
			defaultConfigurationIsVisible = 0;
			defaultConfigurationName = Release;
		};
/* End XCConfigurationList section */
	};
	rootObject = 5308E72822868E8500DB470F /* Project object */;
}
